
Microsoft Visual Studio Solution File, Format Version 12.00
# Visual Studio Version 16
VisualStudioVersion = 16.0.31424.327
MinimumVisualStudioVersion = 10.0.40219.1
Project("{FAE04EC0-301F-11D3-BF4B-00C04F79EFBC}") = "winter v0.2", "winter v0.2\winter v0.2.csproj", "{4BC712A3-14B4-4B71-8BDC-9E8209B30CBB}"
EndProject
Global
	GlobalSection(SolutionConfigurationPlatforms) = preSolution
		Debug|Any CPU = Debug|Any CPU
		Release|Any CPU = Release|Any CPU
	EndGlobalSection
	GlobalSection(ProjectConfigurationPlatforms) = postSolution
		{4BC712A3-14B4-4B71-8BDC-9E8209B30CBB}.Debug|Any CPU.ActiveCfg = Debug|Any CPU
		{4BC712A3-14B4-4B71-8BDC-9E8209B30CBB}.Debug|Any CPU.Build.0 = Debug|Any CPU
		{4BC712A3-14B4-4B71-8BDC-9E8209B30CBB}.Release|Any CPU.ActiveCfg = Release|Any CPU
		{4BC712A3-14B4-4B71-8BDC-9E8209B30CBB}.Release|Any CPU.Build.0 = Release|Any CPU
	EndGlobalSection
	GlobalSection(SolutionProperties) = preSolution
		HideSolutionNode = FALSE
	EndGlobalSection
	GlobalSection(ExtensibilityGlobals) = postSolution
		SolutionGuid = {11336159-810B-4B3F-A9C5-6DAD852BF958}
	EndGlobalSection
EndGlobal
